
Microsoft Visual Studio Solution File, Format Version 12.00
# Visual Studio Version 17
VisualStudioVersion = 17.0.31903.59
MinimumVisualStudioVersion = 10.0.40219.1
Project("{2150E333-8FDC-42A3-9474-1A3956D46DE8}") = "Core", "Core", "{A1B2C3D4-E5F6-7890-ABCD-EF1234567890}"
EndProject
Project("{2150E333-8FDC-42A3-9474-1A3956D46DE8}") = "Devices", "Devices", "{B2C3D4E5-F6A7-8901-BCDE-F12345678901}"
EndProject
Project("{2150E333-8FDC-42A3-9474-1A3956D46DE8}") = "Tests", "Tests", "{C3D4E5F6-A7B8-9012-CDEF-123456789012}"
EndProject
Project("{2150E333-8FDC-42A3-9474-1A3956D46DE8}") = "Docs", "Docs", "{D4E5F6A7-B8C9-0123-DEFA-234567890123}"
EndProject
Project("{FAE04EC0-301F-11D3-BF4B-00C04F79EFBC}") = "DeviceLink.Transport", "core\DeviceLink.Transport\DeviceLink.Transport.csproj", "{53910D53-9A2A-487E-A812-2B2CFC10A586}"
EndProject
Project("{FAE04EC0-301F-11D3-BF4B-00C04F79EFBC}") = "DeviceLink.DataLink", "core\DeviceLink.DataLink\DeviceLink.DataLink.csproj", "{226E5DF0-1A11-4781-BADD-E660F88EBB16}"
EndProject
Project("{FAE04EC0-301F-11D3-BF4B-00C04F79EFBC}") = "DeviceLink.Session", "core\DeviceLink.Session\DeviceLink.Session.csproj", "{AA63C0DB-C427-4F2C-91D1-1DA632F1EFDB}"
EndProject
Project("{FAE04EC0-301F-11D3-BF4B-00C04F79EFBC}") = "DeviceLink.Protocol", "core\DeviceLink.Protocol\DeviceLink.Protocol.csproj", "{9444162D-2C36-406F-A3E8-4749054A420A}"
EndProject
Project("{FAE04EC0-301F-11D3-BF4B-00C04F79EFBC}") = "DeviceLink.Pipeline", "core\DeviceLink.Pipeline\DeviceLink.Pipeline.csproj", "{7D3B75BA-A188-4601-B08B-4BBAD4C38EB4}"
EndProject
Project("{FAE04EC0-301F-11D3-BF4B-00C04F79EFBC}") = "DeviceLink.DeviceBase", "core\DeviceLink.DeviceBase\DeviceLink.DeviceBase.csproj", "{B1A2C3D4-E5F6-7890-ABCD-EF1234567891}"
EndProject
Project("{FAE04EC0-301F-11D3-BF4B-00C04F79EFBC}") = "DeviceLink.Device.DPSEX", "devices\DeviceLink.Device.DPSEX\DeviceLink.Device.DPSEX.csproj", "{E51C9C99-4D1D-4175-9D2E-17C22BD4C55C}"
EndProject
Project("{FAE04EC0-301F-11D3-BF4B-00C04F79EFBC}") = "DeviceLink.Tests", "tests\DeviceLink.Tests\DeviceLink.Tests.csproj", "{11D08AE9-4497-471B-B1B7-86CA9F80D693}"
EndProject
Project("{FAE04EC0-301F-11D3-BF4B-00C04F79EFBC}") = "DeviceLink.Device.ConST860", "devices\DeviceLink.Device.ConST860\DeviceLink.Device.ConST860.csproj", "{90B3E8CD-0D80-4680-8FAE-26710DFD7EEF}"
EndProject
Project("{FAE04EC0-301F-11D3-BF4B-00C04F79EFBC}") = "DeviceLink.Tests.ConST860", "tests\DeviceLink.Tests.ConST860\DeviceLink.Tests.ConST860.csproj", "{138057FF-C647-4DB9-BEFB-AACEF106A429}"
EndProject
Project("{FAE04EC0-301F-11D3-BF4B-00C04F79EFBC}") = "DeviceLink.Device.ConST326EX", "devices\DeviceLink.Device.ConST326EX\DeviceLink.Device.ConST326EX.csproj", "{82BD34CD-A54F-4624-B2C0-FB97A34E75D3}"
EndProject
Project("{FAE04EC0-301F-11D3-BF4B-00C04F79EFBC}") = "DeviceLink.Device.UMC1200", "devices\DeviceLink.Device.UMC1200\DeviceLink.Device.UMC1200.csproj", "{4FB9D4E6-68D7-4A43-9ECA-14BB3181EC09}"
EndProject
Project("{FAE04EC0-301F-11D3-BF4B-00C04F79EFBC}") = "DeviceLink.Device.ZQWL", "devices\DeviceLink.Device.ZQWL\DeviceLink.Device.ZQWL.csproj", "{C4D84EF9-D5BE-405B-9E52-C430B7999A6B}"
EndProject
Project("{FAE04EC0-301F-11D3-BF4B-00C04F79EFBC}") = "DeviceLink.Tests.ZQWL", "tests\DeviceLink.Tests.ZQWL\DeviceLink.Tests.ZQWL.csproj", "{85F8D927-84CD-4DE6-AF5A-59778665D81A}"
EndProject
Global
	GlobalSection(SolutionConfigurationPlatforms) = preSolution
		Debug|Any CPU = Debug|Any CPU
		Debug|x64 = Debug|x64
		Debug|x86 = Debug|x86
		Release|Any CPU = Release|Any CPU
		Release|x64 = Release|x64
		Release|x86 = Release|x86
	EndGlobalSection
	GlobalSection(ProjectConfigurationPlatforms) = postSolution
		{53910D53-9A2A-487E-A812-2B2CFC10A586}.Debug|Any CPU.ActiveCfg = Debug|Any CPU
		{53910D53-9A2A-487E-A812-2B2CFC10A586}.Debug|Any CPU.Build.0 = Debug|Any CPU
		{53910D53-9A2A-487E-A812-2B2CFC10A586}.Debug|x64.ActiveCfg = Debug|Any CPU
		{53910D53-9A2A-487E-A812-2B2CFC10A586}.Debug|x64.Build.0 = Debug|Any CPU
		{53910D53-9A2A-487E-A812-2B2CFC10A586}.Debug|x86.ActiveCfg = Debug|Any CPU
		{53910D53-9A2A-487E-A812-2B2CFC10A586}.Debug|x86.Build.0 = Debug|Any CPU
		{53910D53-9A2A-487E-A812-2B2CFC10A586}.Release|Any CPU.ActiveCfg = Release|Any CPU
		{53910D53-9A2A-487E-A812-2B2CFC10A586}.Release|Any CPU.Build.0 = Release|Any CPU
		{53910D53-9A2A-487E-A812-2B2CFC10A586}.Release|x64.ActiveCfg = Release|Any CPU
		{53910D53-9A2A-487E-A812-2B2CFC10A586}.Release|x64.Build.0 = Release|Any CPU
		{53910D53-9A2A-487E-A812-2B2CFC10A586}.Release|x86.ActiveCfg = Release|Any CPU
		{53910D53-9A2A-487E-A812-2B2CFC10A586}.Release|x86.Build.0 = Release|Any CPU
		{226E5DF0-1A11-4781-BADD-E660F88EBB16}.Debug|Any CPU.ActiveCfg = Debug|Any CPU
		{226E5DF0-1A11-4781-BADD-E660F88EBB16}.Debug|Any CPU.Build.0 = Debug|Any CPU
		{226E5DF0-1A11-4781-BADD-E660F88EBB16}.Debug|x64.ActiveCfg = Debug|Any CPU
		{226E5DF0-1A11-4781-BADD-E660F88EBB16}.Debug|x64.Build.0 = Debug|Any CPU
		{226E5DF0-1A11-4781-BADD-E660F88EBB16}.Debug|x86.ActiveCfg = Debug|Any CPU
		{226E5DF0-1A11-4781-BADD-E660F88EBB16}.Debug|x86.Build.0 = Debug|Any CPU
		{226E5DF0-1A11-4781-BADD-E660F88EBB16}.Release|Any CPU.ActiveCfg = Release|Any CPU
		{226E5DF0-1A11-4781-BADD-E660F88EBB16}.Release|Any CPU.Build.0 = Release|Any CPU
		{226E5DF0-1A11-4781-BADD-E660F88EBB16}.Release|x64.ActiveCfg = Release|Any CPU
		{226E5DF0-1A11-4781-BADD-E660F88EBB16}.Release|x64.Build.0 = Release|Any CPU
		{226E5DF0-1A11-4781-BADD-E660F88EBB16}.Release|x86.ActiveCfg = Release|Any CPU
		{226E5DF0-1A11-4781-BADD-E660F88EBB16}.Release|x86.Build.0 = Release|Any CPU
		{AA63C0DB-C427-4F2C-91D1-1DA632F1EFDB}.Debug|Any CPU.ActiveCfg = Debug|Any CPU
		{AA63C0DB-C427-4F2C-91D1-1DA632F1EFDB}.Debug|Any CPU.Build.0 = Debug|Any CPU
		{AA63C0DB-C427-4F2C-91D1-1DA632F1EFDB}.Debug|x64.ActiveCfg = Debug|Any CPU
		{AA63C0DB-C427-4F2C-91D1-1DA632F1EFDB}.Debug|x64.Build.0 = Debug|Any CPU
		{AA63C0DB-C427-4F2C-91D1-1DA632F1EFDB}.Debug|x86.ActiveCfg = Debug|Any CPU
		{AA63C0DB-C427-4F2C-91D1-1DA632F1EFDB}.Debug|x86.Build.0 = Debug|Any CPU
		{AA63C0DB-C427-4F2C-91D1-1DA632F1EFDB}.Release|Any CPU.ActiveCfg = Release|Any CPU
		{AA63C0DB-C427-4F2C-91D1-1DA632F1EFDB}.Release|Any CPU.Build.0 = Release|Any CPU
		{AA63C0DB-C427-4F2C-91D1-1DA632F1EFDB}.Release|x64.ActiveCfg = Release|Any CPU
		{AA63C0DB-C427-4F2C-91D1-1DA632F1EFDB}.Release|x64.Build.0 = Release|Any CPU
		{AA63C0DB-C427-4F2C-91D1-1DA632F1EFDB}.Release|x86.ActiveCfg = Release|Any CPU
		{AA63C0DB-C427-4F2C-91D1-1DA632F1EFDB}.Release|x86.Build.0 = Release|Any CPU
		{9444162D-2C36-406F-A3E8-4749054A420A}.Debug|Any CPU.ActiveCfg = Debug|Any CPU
		{9444162D-2C36-406F-A3E8-4749054A420A}.Debug|Any CPU.Build.0 = Debug|Any CPU
		{9444162D-2C36-406F-A3E8-4749054A420A}.Debug|x64.ActiveCfg = Debug|Any CPU
		{9444162D-2C36-406F-A3E8-4749054A420A}.Debug|x64.Build.0 = Debug|Any CPU
		{9444162D-2C36-406F-A3E8-4749054A420A}.Debug|x86.ActiveCfg = Debug|Any CPU
		{9444162D-2C36-406F-A3E8-4749054A420A}.Debug|x86.Build.0 = Debug|Any CPU
		{9444162D-2C36-406F-A3E8-4749054A420A}.Release|Any CPU.ActiveCfg = Release|Any CPU
		{9444162D-2C36-406F-A3E8-4749054A420A}.Release|Any CPU.Build.0 = Release|Any CPU
		{9444162D-2C36-406F-A3E8-4749054A420A}.Release|x64.ActiveCfg = Release|Any CPU
		{9444162D-2C36-406F-A3E8-4749054A420A}.Release|x64.Build.0 = Release|Any CPU
		{9444162D-2C36-406F-A3E8-4749054A420A}.Release|x86.ActiveCfg = Release|Any CPU
		{9444162D-2C36-406F-A3E8-4749054A420A}.Release|x86.Build.0 = Release|Any CPU
		{7D3B75BA-A188-4601-B08B-4BBAD4C38EB4}.Debug|Any CPU.ActiveCfg = Debug|Any CPU
		{7D3B75BA-A188-4601-B08B-4BBAD4C38EB4}.Debug|Any CPU.Build.0 = Debug|Any CPU
		{7D3B75BA-A188-4601-B08B-4BBAD4C38EB4}.Debug|x64.ActiveCfg = Debug|Any CPU
		{7D3B75BA-A188-4601-B08B-4BBAD4C38EB4}.Debug|x64.Build.0 = Debug|Any CPU
		{7D3B75BA-A188-4601-B08B-4BBAD4C38EB4}.Debug|x86.ActiveCfg = Debug|Any CPU
		{7D3B75BA-A188-4601-B08B-4BBAD4C38EB4}.Debug|x86.Build.0 = Debug|Any CPU
		{7D3B75BA-A188-4601-B08B-4BBAD4C38EB4}.Release|Any CPU.ActiveCfg = Release|Any CPU
		{7D3B75BA-A188-4601-B08B-4BBAD4C38EB4}.Release|Any CPU.Build.0 = Release|Any CPU
		{7D3B75BA-A188-4601-B08B-4BBAD4C38EB4}.Release|x64.ActiveCfg = Release|Any CPU
		{7D3B75BA-A188-4601-B08B-4BBAD4C38EB4}.Release|x64.Build.0 = Release|Any CPU
		{7D3B75BA-A188-4601-B08B-4BBAD4C38EB4}.Release|x86.ActiveCfg = Release|Any CPU
		{7D3B75BA-A188-4601-B08B-4BBAD4C38EB4}.Release|x86.Build.0 = Release|Any CPU
		{B1A2C3D4-E5F6-7890-ABCD-EF1234567891}.Debug|Any CPU.ActiveCfg = Debug|Any CPU
		{B1A2C3D4-E5F6-7890-ABCD-EF1234567891}.Debug|Any CPU.Build.0 = Debug|Any CPU
		{B1A2C3D4-E5F6-7890-ABCD-EF1234567891}.Debug|x64.ActiveCfg = Debug|Any CPU
		{B1A2C3D4-E5F6-7890-ABCD-EF1234567891}.Debug|x64.Build.0 = Debug|Any CPU
		{B1A2C3D4-E5F6-7890-ABCD-EF1234567891}.Debug|x86.ActiveCfg = Debug|Any CPU
		{B1A2C3D4-E5F6-7890-ABCD-EF1234567891}.Debug|x86.Build.0 = Debug|Any CPU
		{B1A2C3D4-E5F6-7890-ABCD-EF1234567891}.Release|Any CPU.ActiveCfg = Release|Any CPU
		{B1A2C3D4-E5F6-7890-ABCD-EF1234567891}.Release|Any CPU.Build.0 = Release|Any CPU
		{B1A2C3D4-E5F6-7890-ABCD-EF1234567891}.Release|x64.ActiveCfg = Release|Any CPU
		{B1A2C3D4-E5F6-7890-ABCD-EF1234567891}.Release|x64.Build.0 = Release|Any CPU
		{B1A2C3D4-E5F6-7890-ABCD-EF1234567891}.Release|x86.ActiveCfg = Release|Any CPU
		{B1A2C3D4-E5F6-7890-ABCD-EF1234567891}.Release|x86.Build.0 = Release|Any CPU
		{E51C9C99-4D1D-4175-9D2E-17C22BD4C55C}.Debug|Any CPU.ActiveCfg = Debug|Any CPU
		{E51C9C99-4D1D-4175-9D2E-17C22BD4C55C}.Debug|Any CPU.Build.0 = Debug|Any CPU
		{E51C9C99-4D1D-4175-9D2E-17C22BD4C55C}.Debug|x64.ActiveCfg = Debug|Any CPU
		{E51C9C99-4D1D-4175-9D2E-17C22BD4C55C}.Debug|x64.Build.0 = Debug|Any CPU
		{E51C9C99-4D1D-4175-9D2E-17C22BD4C55C}.Debug|x86.ActiveCfg = Debug|Any CPU
		{E51C9C99-4D1D-4175-9D2E-17C22BD4C55C}.Debug|x86.Build.0 = Debug|Any CPU
		{E51C9C99-4D1D-4175-9D2E-17C22BD4C55C}.Release|Any CPU.ActiveCfg = Release|Any CPU
		{E51C9C99-4D1D-4175-9D2E-17C22BD4C55C}.Release|Any CPU.Build.0 = Release|Any CPU
		{E51C9C99-4D1D-4175-9D2E-17C22BD4C55C}.Release|x64.ActiveCfg = Release|Any CPU
		{E51C9C99-4D1D-4175-9D2E-17C22BD4C55C}.Release|x64.Build.0 = Release|Any CPU
		{E51C9C99-4D1D-4175-9D2E-17C22BD4C55C}.Release|x86.ActiveCfg = Release|Any CPU
		{E51C9C99-4D1D-4175-9D2E-17C22BD4C55C}.Release|x86.Build.0 = Release|Any CPU
		{11D08AE9-4497-471B-B1B7-86CA9F80D693}.Debug|Any CPU.ActiveCfg = Debug|Any CPU
		{11D08AE9-4497-471B-B1B7-86CA9F80D693}.Debug|Any CPU.Build.0 = Debug|Any CPU
		{11D08AE9-4497-471B-B1B7-86CA9F80D693}.Debug|x64.ActiveCfg = Debug|Any CPU
		{11D08AE9-4497-471B-B1B7-86CA9F80D693}.Debug|x64.Build.0 = Debug|Any CPU
		{11D08AE9-4497-471B-B1B7-86CA9F80D693}.Debug|x86.ActiveCfg = Debug|Any CPU
		{11D08AE9-4497-471B-B1B7-86CA9F80D693}.Debug|x86.Build.0 = Debug|Any CPU
		{11D08AE9-4497-471B-B1B7-86CA9F80D693}.Release|Any CPU.ActiveCfg = Release|Any CPU
		{11D08AE9-4497-471B-B1B7-86CA9F80D693}.Release|Any CPU.Build.0 = Release|Any CPU
		{11D08AE9-4497-471B-B1B7-86CA9F80D693}.Release|x64.ActiveCfg = Release|Any CPU
		{11D08AE9-4497-471B-B1B7-86CA9F80D693}.Release|x64.Build.0 = Release|Any CPU
		{11D08AE9-4497-471B-B1B7-86CA9F80D693}.Release|x86.ActiveCfg = Release|Any CPU
		{11D08AE9-4497-471B-B1B7-86CA9F80D693}.Release|x86.Build.0 = Release|Any CPU
		{90B3E8CD-0D80-4680-8FAE-26710DFD7EEF}.Debug|Any CPU.ActiveCfg = Debug|Any CPU
		{90B3E8CD-0D80-4680-8FAE-26710DFD7EEF}.Debug|Any CPU.Build.0 = Debug|Any CPU
		{90B3E8CD-0D80-4680-8FAE-26710DFD7EEF}.Debug|x64.ActiveCfg = Debug|Any CPU
		{90B3E8CD-0D80-4680-8FAE-26710DFD7EEF}.Debug|x64.Build.0 = Debug|Any CPU
		{90B3E8CD-0D80-4680-8FAE-26710DFD7EEF}.Debug|x86.ActiveCfg = Debug|Any CPU
		{90B3E8CD-0D80-4680-8FAE-26710DFD7EEF}.Debug|x86.Build.0 = Debug|Any CPU
		{90B3E8CD-0D80-4680-8FAE-26710DFD7EEF}.Release|Any CPU.ActiveCfg = Release|Any CPU
		{90B3E8CD-0D80-4680-8FAE-26710DFD7EEF}.Release|Any CPU.Build.0 = Release|Any CPU
		{90B3E8CD-0D80-4680-8FAE-26710DFD7EEF}.Release|x64.ActiveCfg = Release|Any CPU
		{90B3E8CD-0D80-4680-8FAE-26710DFD7EEF}.Release|x64.Build.0 = Release|Any CPU
		{90B3E8CD-0D80-4680-8FAE-26710DFD7EEF}.Release|x86.ActiveCfg = Release|Any CPU
		{90B3E8CD-0D80-4680-8FAE-26710DFD7EEF}.Release|x86.Build.0 = Release|Any CPU
		{138057FF-C647-4DB9-BEFB-AACEF106A429}.Debug|Any CPU.ActiveCfg = Debug|Any CPU
		{138057FF-C647-4DB9-BEFB-AACEF106A429}.Debug|Any CPU.Build.0 = Debug|Any CPU
		{138057FF-C647-4DB9-BEFB-AACEF106A429}.Debug|x64.ActiveCfg = Debug|Any CPU
		{138057FF-C647-4DB9-BEFB-AACEF106A429}.Debug|x64.Build.0 = Debug|Any CPU
		{138057FF-C647-4DB9-BEFB-AACEF106A429}.Debug|x86.ActiveCfg = Debug|Any CPU
		{138057FF-C647-4DB9-BEFB-AACEF106A429}.Debug|x86.Build.0 = Debug|Any CPU
		{138057FF-C647-4DB9-BEFB-AACEF106A429}.Release|Any CPU.ActiveCfg = Release|Any CPU
		{138057FF-C647-4DB9-BEFB-AACEF106A429}.Release|Any CPU.Build.0 = Release|Any CPU
		{138057FF-C647-4DB9-BEFB-AACEF106A429}.Release|x64.ActiveCfg = Release|Any CPU
		{138057FF-C647-4DB9-BEFB-AACEF106A429}.Release|x64.Build.0 = Release|Any CPU
		{138057FF-C647-4DB9-BEFB-AACEF106A429}.Release|x86.ActiveCfg = Release|Any CPU
		{138057FF-C647-4DB9-BEFB-AACEF106A429}.Release|x86.Build.0 = Release|Any CPU
		{82BD34CD-A54F-4624-B2C0-FB97A34E75D3}.Debug|Any CPU.ActiveCfg = Debug|Any CPU
		{82BD34CD-A54F-4624-B2C0-FB97A34E75D3}.Debug|Any CPU.Build.0 = Debug|Any CPU
		{82BD34CD-A54F-4624-B2C0-FB97A34E75D3}.Debug|x64.ActiveCfg = Debug|Any CPU
		{82BD34CD-A54F-4624-B2C0-FB97A34E75D3}.Debug|x64.Build.0 = Debug|Any CPU
		{82BD34CD-A54F-4624-B2C0-FB97A34E75D3}.Debug|x86.ActiveCfg = Debug|Any CPU
		{82BD34CD-A54F-4624-B2C0-FB97A34E75D3}.Debug|x86.Build.0 = Debug|Any CPU
		{82BD34CD-A54F-4624-B2C0-FB97A34E75D3}.Release|Any CPU.ActiveCfg = Release|Any CPU
		{82BD34CD-A54F-4624-B2C0-FB97A34E75D3}.Release|Any CPU.Build.0 = Release|Any CPU
		{82BD34CD-A54F-4624-B2C0-FB97A34E75D3}.Release|x64.ActiveCfg = Release|Any CPU
		{82BD34CD-A54F-4624-B2C0-FB97A34E75D3}.Release|x64.Build.0 = Release|Any CPU
		{82BD34CD-A54F-4624-B2C0-FB97A34E75D3}.Release|x86.ActiveCfg = Release|Any CPU
		{82BD34CD-A54F-4624-B2C0-FB97A34E75D3}.Release|x86.Build.0 = Release|Any CPU
		{4FB9D4E6-68D7-4A43-9ECA-14BB3181EC09}.Debug|Any CPU.ActiveCfg = Debug|Any CPU
		{4FB9D4E6-68D7-4A43-9ECA-14BB3181EC09}.Debug|Any CPU.Build.0 = Debug|Any CPU
		{4FB9D4E6-68D7-4A43-9ECA-14BB3181EC09}.Debug|x64.ActiveCfg = Debug|Any CPU
		{4FB9D4E6-68D7-4A43-9ECA-14BB3181EC09}.Debug|x64.Build.0 = Debug|Any CPU
		{4FB9D4E6-68D7-4A43-9ECA-14BB3181EC09}.Debug|x86.ActiveCfg = Debug|Any CPU
		{4FB9D4E6-68D7-4A43-9ECA-14BB3181EC09}.Debug|x86.Build.0 = Debug|Any CPU
		{4FB9D4E6-68D7-4A43-9ECA-14BB3181EC09}.Release|Any CPU.ActiveCfg = Release|Any CPU
		{4FB9D4E6-68D7-4A43-9ECA-14BB3181EC09}.Release|Any CPU.Build.0 = Release|Any CPU
		{4FB9D4E6-68D7-4A43-9ECA-14BB3181EC09}.Release|x64.ActiveCfg = Release|Any CPU
		{4FB9D4E6-68D7-4A43-9ECA-14BB3181EC09}.Release|x64.Build.0 = Release|Any CPU
		{4FB9D4E6-68D7-4A43-9ECA-14BB3181EC09}.Release|x86.ActiveCfg = Release|Any CPU
		{4FB9D4E6-68D7-4A43-9ECA-14BB3181EC09}.Release|x86.Build.0 = Release|Any CPU
		{C4D84EF9-D5BE-405B-9E52-C430B7999A6B}.Debug|Any CPU.ActiveCfg = Debug|Any CPU
		{C4D84EF9-D5BE-405B-9E52-C430B7999A6B}.Debug|Any CPU.Build.0 = Debug|Any CPU
		{C4D84EF9-D5BE-405B-9E52-C430B7999A6B}.Debug|x64.ActiveCfg = Debug|Any CPU
		{C4D84EF9-D5BE-405B-9E52-C430B7999A6B}.Debug|x64.Build.0 = Debug|Any CPU
		{C4D84EF9-D5BE-405B-9E52-C430B7999A6B}.Debug|x86.ActiveCfg = Debug|Any CPU
		{C4D84EF9-D5BE-405B-9E52-C430B7999A6B}.Debug|x86.Build.0 = Debug|Any CPU
		{C4D84EF9-D5BE-405B-9E52-C430B7999A6B}.Release|Any CPU.ActiveCfg = Release|Any CPU
		{C4D84EF9-D5BE-405B-9E52-C430B7999A6B}.Release|Any CPU.Build.0 = Release|Any CPU
		{C4D84EF9-D5BE-405B-9E52-C430B7999A6B}.Release|x64.ActiveCfg = Release|Any CPU
		{C4D84EF9-D5BE-405B-9E52-C430B7999A6B}.Release|x64.Build.0 = Release|Any CPU
		{C4D84EF9-D5BE-405B-9E52-C430B7999A6B}.Release|x86.ActiveCfg = Release|Any CPU
		{C4D84EF9-D5BE-405B-9E52-C430B7999A6B}.Release|x86.Build.0 = Release|Any CPU
		{85F8D927-84CD-4DE6-AF5A-59778665D81A}.Debug|Any CPU.ActiveCfg = Debug|Any CPU
		{85F8D927-84CD-4DE6-AF5A-59778665D81A}.Debug|Any CPU.Build.0 = Debug|Any CPU
		{85F8D927-84CD-4DE6-AF5A-59778665D81A}.Debug|x64.ActiveCfg = Debug|Any CPU
		{85F8D927-84CD-4DE6-AF5A-59778665D81A}.Debug|x64.Build.0 = Debug|Any CPU
		{85F8D927-84CD-4DE6-AF5A-59778665D81A}.Debug|x86.ActiveCfg = Debug|Any CPU
		{85F8D927-84CD-4DE6-AF5A-59778665D81A}.Debug|x86.Build.0 = Debug|Any CPU
		{85F8D927-84CD-4DE6-AF5A-59778665D81A}.Release|Any CPU.ActiveCfg = Release|Any CPU
		{85F8D927-84CD-4DE6-AF5A-59778665D81A}.Release|Any CPU.Build.0 = Release|Any CPU
		{85F8D927-84CD-4DE6-AF5A-59778665D81A}.Release|x64.ActiveCfg = Release|Any CPU
		{85F8D927-84CD-4DE6-AF5A-59778665D81A}.Release|x64.Build.0 = Release|Any CPU
		{85F8D927-84CD-4DE6-AF5A-59778665D81A}.Release|x86.ActiveCfg = Release|Any CPU
		{85F8D927-84CD-4DE6-AF5A-59778665D81A}.Release|x86.Build.0 = Release|Any CPU
	EndGlobalSection
	GlobalSection(SolutionProperties) = preSolution
		HideSolutionNode = FALSE
	EndGlobalSection
	GlobalSection(NestedProjects) = preSolution
		{53910D53-9A2A-487E-A812-2B2CFC10A586} = {A1B2C3D4-E5F6-7890-ABCD-EF1234567890}
		{226E5DF0-1A11-4781-BADD-E660F88EBB16} = {A1B2C3D4-E5F6-7890-ABCD-EF1234567890}
		{AA63C0DB-C427-4F2C-91D1-1DA632F1EFDB} = {A1B2C3D4-E5F6-7890-ABCD-EF1234567890}
		{9444162D-2C36-406F-A3E8-4749054A420A} = {A1B2C3D4-E5F6-7890-ABCD-EF1234567890}
		{7D3B75BA-A188-4601-B08B-4BBAD4C38EB4} = {A1B2C3D4-E5F6-7890-ABCD-EF1234567890}
		{B1A2C3D4-E5F6-7890-ABCD-EF1234567891} = {A1B2C3D4-E5F6-7890-ABCD-EF1234567890}
		{E51C9C99-4D1D-4175-9D2E-17C22BD4C55C} = {B2C3D4E5-F6A7-8901-BCDE-F12345678901}
		{11D08AE9-4497-471B-B1B7-86CA9F80D693} = {C3D4E5F6-A7B8-9012-CDEF-123456789012}
		{90B3E8CD-0D80-4680-8FAE-26710DFD7EEF} = {B2C3D4E5-F6A7-8901-BCDE-F12345678901}
		{138057FF-C647-4DB9-BEFB-AACEF106A429} = {C3D4E5F6-A7B8-9012-CDEF-123456789012}
		{82BD34CD-A54F-4624-B2C0-FB97A34E75D3} = {B2C3D4E5-F6A7-8901-BCDE-F12345678901}
		{4FB9D4E6-68D7-4A43-9ECA-14BB3181EC09} = {B2C3D4E5-F6A7-8901-BCDE-F12345678901}
		{C4D84EF9-D5BE-405B-9E52-C430B7999A6B} = {B2C3D4E5-F6A7-8901-BCDE-F12345678901}
		{85F8D927-84CD-4DE6-AF5A-59778665D81A} = {C3D4E5F6-A7B8-9012-CDEF-123456789012}
	EndGlobalSection
	GlobalSection(ExtensibilityGlobals) = postSolution
		SolutionGuid = {E527DA82-BD04-4291-9DC6-97CF205285B3}
	EndGlobalSection
EndGlobal
